
Microsoft Visual Studio Solution File, Format Version 12.00
# Visual Studio 2013
VisualStudioVersion = 12.0.31101.0
MinimumVisualStudioVersion = 10.0.40219.1
Project("{FAE04EC0-301F-11D3-BF4B-00C04F79EFBC}") = "BilgiTAPISP", "TeknikServis\BilgiTAPISP.csproj", "{2B1304DA-B3D8-4A23-8B3C-E6CACC9FA914}"
EndProject
Project("{FAE04EC0-301F-11D3-BF4B-00C04F79EFBC}") = "Radius", "TeknikServis.Radius\Radius.csproj", "{3755F7C5-5A81-4912-BEEF-15DEDD86CA97}"
EndProject
Project("{FAE04EC0-301F-11D3-BF4B-00C04F79EFBC}") = "ServisDAL", "ServisDAL\ServisDAL.csproj", "{F115947F-A6D2-4710-B92E-3A4E2E2101A4}"
EndProject
Global
	GlobalSection(SolutionConfigurationPlatforms) = preSolution
		Debug|Any CPU = Debug|Any CPU
		Release|Any CPU = Release|Any CPU
	EndGlobalSection
	GlobalSection(ProjectConfigurationPlatforms) = postSolution
		{2B1304DA-B3D8-4A23-8B3C-E6CACC9FA914}.Debug|Any CPU.ActiveCfg = Debug|Any CPU
		{2B1304DA-B3D8-4A23-8B3C-E6CACC9FA914}.Debug|Any CPU.Build.0 = Debug|Any CPU
		{2B1304DA-B3D8-4A23-8B3C-E6CACC9FA914}.Release|Any CPU.ActiveCfg = Release|Any CPU
		{2B1304DA-B3D8-4A23-8B3C-E6CACC9FA914}.Release|Any CPU.Build.0 = Release|Any CPU
		{3755F7C5-5A81-4912-BEEF-15DEDD86CA97}.Debug|Any CPU.ActiveCfg = Debug|Any CPU
		{3755F7C5-5A81-4912-BEEF-15DEDD86CA97}.Debug|Any CPU.Build.0 = Debug|Any CPU
		{3755F7C5-5A81-4912-BEEF-15DEDD86CA97}.Release|Any CPU.ActiveCfg = Release|Any CPU
		{3755F7C5-5A81-4912-BEEF-15DEDD86CA97}.Release|Any CPU.Build.0 = Release|Any CPU
		{F115947F-A6D2-4710-B92E-3A4E2E2101A4}.Debug|Any CPU.ActiveCfg = Debug|Any CPU
		{F115947F-A6D2-4710-B92E-3A4E2E2101A4}.Debug|Any CPU.Build.0 = Debug|Any CPU
		{F115947F-A6D2-4710-B92E-3A4E2E2101A4}.Release|Any CPU.ActiveCfg = Release|Any CPU
		{F115947F-A6D2-4710-B92E-3A4E2E2101A4}.Release|Any CPU.Build.0 = Release|Any CPU
	EndGlobalSection
	GlobalSection(SolutionProperties) = preSolution
		HideSolutionNode = FALSE
	EndGlobalSection
EndGlobal
